
Microsoft Visual Studio Solution File, Format Version 12.00
# Visual Studio Version 16
VisualStudioVersion = 16.0.28803.352
MinimumVisualStudioVersion = 10.0.40219.1
Project("{2150E333-8FDC-42A3-9474-1A3956D46DE8}") = "src", "src", "{BC39A8C7-8BA2-4927-A093-A89D030F8ABE}"
EndProject
Project("{9A19103F-16F7-4668-BE54-9A1E7A4F7556}") = "IdentityServer", "src\IdentityServer\IdentityServer.csproj", "{D7B936F9-DF7C-4583-ADCD-B55013181426}"
EndProject
Project("{2150E333-8FDC-42A3-9474-1A3956D46DE8}") = "tests", "tests", "{E418819C-6F2E-4676-9976-0353705CAE22}"
EndProject
Project("{9A19103F-16F7-4668-BE54-9A1E7A4F7556}") = "Client", "tests\Client\Client.csproj", "{887CC0C4-E52E-4CBB-9EFD-E13395F924FD}"
EndProject
Project("{9A19103F-16F7-4668-BE54-9A1E7A4F7556}") = "IdentityDAL", "src\DAL\IdentityDAL.csproj", "{7DCBC0C1-DE98-4B94-9897-EECFBFAEA3D4}"
EndProject
Project("{9A19103F-16F7-4668-BE54-9A1E7A4F7556}") = "BLL", "src\BLL\BLL.csproj", "{D7ECC841-EB44-4E64-8EC9-5F34FCB44FB3}"
EndProject
Project("{9A19103F-16F7-4668-BE54-9A1E7A4F7556}") = "AppDAL", "src\AppDAL\AppDAL.csproj", "{AD064DEE-50A8-48E6-93D9-478C233D607B}"
EndProject
Project("{9A19103F-16F7-4668-BE54-9A1E7A4F7556}") = "WebApi", "src\WebApi\WebApi.csproj", "{5088FC34-43EF-4EC8-964C-5E58744DDCAE}"
EndProject
Project("{FAE04EC0-301F-11D3-BF4B-00C04F79EFBC}") = "WebApp", "src\WebApp\WebApp.csproj", "{DDD2D9BC-F0C5-470E-BEBB-7B5FB1471761}"
EndProject
Global
	GlobalSection(SolutionConfigurationPlatforms) = preSolution
		Debug|Any CPU = Debug|Any CPU
		Release|Any CPU = Release|Any CPU
	EndGlobalSection
	GlobalSection(ProjectConfigurationPlatforms) = postSolution
		{D7B936F9-DF7C-4583-ADCD-B55013181426}.Debug|Any CPU.ActiveCfg = Debug|Any CPU
		{D7B936F9-DF7C-4583-ADCD-B55013181426}.Debug|Any CPU.Build.0 = Debug|Any CPU
		{D7B936F9-DF7C-4583-ADCD-B55013181426}.Release|Any CPU.ActiveCfg = Release|Any CPU
		{D7B936F9-DF7C-4583-ADCD-B55013181426}.Release|Any CPU.Build.0 = Release|Any CPU
		{887CC0C4-E52E-4CBB-9EFD-E13395F924FD}.Debug|Any CPU.ActiveCfg = Debug|Any CPU
		{887CC0C4-E52E-4CBB-9EFD-E13395F924FD}.Debug|Any CPU.Build.0 = Debug|Any CPU
		{887CC0C4-E52E-4CBB-9EFD-E13395F924FD}.Release|Any CPU.ActiveCfg = Release|Any CPU
		{887CC0C4-E52E-4CBB-9EFD-E13395F924FD}.Release|Any CPU.Build.0 = Release|Any CPU
		{7DCBC0C1-DE98-4B94-9897-EECFBFAEA3D4}.Debug|Any CPU.ActiveCfg = Debug|Any CPU
		{7DCBC0C1-DE98-4B94-9897-EECFBFAEA3D4}.Debug|Any CPU.Build.0 = Debug|Any CPU
		{7DCBC0C1-DE98-4B94-9897-EECFBFAEA3D4}.Release|Any CPU.ActiveCfg = Release|Any CPU
		{7DCBC0C1-DE98-4B94-9897-EECFBFAEA3D4}.Release|Any CPU.Build.0 = Release|Any CPU
		{D7ECC841-EB44-4E64-8EC9-5F34FCB44FB3}.Debug|Any CPU.ActiveCfg = Debug|Any CPU
		{D7ECC841-EB44-4E64-8EC9-5F34FCB44FB3}.Debug|Any CPU.Build.0 = Debug|Any CPU
		{D7ECC841-EB44-4E64-8EC9-5F34FCB44FB3}.Release|Any CPU.ActiveCfg = Release|Any CPU
		{D7ECC841-EB44-4E64-8EC9-5F34FCB44FB3}.Release|Any CPU.Build.0 = Release|Any CPU
		{AD064DEE-50A8-48E6-93D9-478C233D607B}.Debug|Any CPU.ActiveCfg = Debug|Any CPU
		{AD064DEE-50A8-48E6-93D9-478C233D607B}.Debug|Any CPU.Build.0 = Debug|Any CPU
		{AD064DEE-50A8-48E6-93D9-478C233D607B}.Release|Any CPU.ActiveCfg = Release|Any CPU
		{AD064DEE-50A8-48E6-93D9-478C233D607B}.Release|Any CPU.Build.0 = Release|Any CPU
		{5088FC34-43EF-4EC8-964C-5E58744DDCAE}.Debug|Any CPU.ActiveCfg = Debug|Any CPU
		{5088FC34-43EF-4EC8-964C-5E58744DDCAE}.Debug|Any CPU.Build.0 = Debug|Any CPU
		{5088FC34-43EF-4EC8-964C-5E58744DDCAE}.Release|Any CPU.ActiveCfg = Release|Any CPU
		{5088FC34-43EF-4EC8-964C-5E58744DDCAE}.Release|Any CPU.Build.0 = Release|Any CPU
		{DDD2D9BC-F0C5-470E-BEBB-7B5FB1471761}.Debug|Any CPU.ActiveCfg = Debug|Any CPU
		{DDD2D9BC-F0C5-470E-BEBB-7B5FB1471761}.Debug|Any CPU.Build.0 = Debug|Any CPU
		{DDD2D9BC-F0C5-470E-BEBB-7B5FB1471761}.Release|Any CPU.ActiveCfg = Release|Any CPU
		{DDD2D9BC-F0C5-470E-BEBB-7B5FB1471761}.Release|Any CPU.Build.0 = Release|Any CPU
	EndGlobalSection
	GlobalSection(SolutionProperties) = preSolution
		HideSolutionNode = FALSE
	EndGlobalSection
	GlobalSection(NestedProjects) = preSolution
		{D7B936F9-DF7C-4583-ADCD-B55013181426} = {BC39A8C7-8BA2-4927-A093-A89D030F8ABE}
		{887CC0C4-E52E-4CBB-9EFD-E13395F924FD} = {E418819C-6F2E-4676-9976-0353705CAE22}
		{7DCBC0C1-DE98-4B94-9897-EECFBFAEA3D4} = {BC39A8C7-8BA2-4927-A093-A89D030F8ABE}
		{D7ECC841-EB44-4E64-8EC9-5F34FCB44FB3} = {BC39A8C7-8BA2-4927-A093-A89D030F8ABE}
		{AD064DEE-50A8-48E6-93D9-478C233D607B} = {BC39A8C7-8BA2-4927-A093-A89D030F8ABE}
		{5088FC34-43EF-4EC8-964C-5E58744DDCAE} = {BC39A8C7-8BA2-4927-A093-A89D030F8ABE}
		{DDD2D9BC-F0C5-470E-BEBB-7B5FB1471761} = {BC39A8C7-8BA2-4927-A093-A89D030F8ABE}
	EndGlobalSection
	GlobalSection(ExtensibilityGlobals) = postSolution
		SolutionGuid = {D3620169-87AD-4AA8-BE64-5F6FFAA0B7EA}
	EndGlobalSection
EndGlobal
