
Microsoft Visual Studio Solution File, Format Version 12.00
# Visual Studio 15
VisualStudioVersion = 15.0.28307.572
MinimumVisualStudioVersion = 10.0.40219.1
Project("{2150E333-8FDC-42A3-9474-1A3956D46DE8}") = "src", "src", "{BC39A8C7-8BA2-4927-A093-A89D030F8ABE}"
EndProject
Project("{9A19103F-16F7-4668-BE54-9A1E7A4F7556}") = "IdentityServer", "src\IdentityServer\IdentityServer.csproj", "{D7B936F9-DF7C-4583-ADCD-B55013181426}"
EndProject
Project("{2150E333-8FDC-42A3-9474-1A3956D46DE8}") = "tests", "tests", "{E418819C-6F2E-4676-9976-0353705CAE22}"
EndProject
Project("{9A19103F-16F7-4668-BE54-9A1E7A4F7556}") = "Client", "tests\Client\Client.csproj", "{887CC0C4-E52E-4CBB-9EFD-E13395F924FD}"
EndProject
Project("{9A19103F-16F7-4668-BE54-9A1E7A4F7556}") = "WebApi", "src\WebApi\WebApi.csproj", "{4CB9F1C4-7FBD-444F-8AE1-2A572862049F}"
EndProject
Project("{9A19103F-16F7-4668-BE54-9A1E7A4F7556}") = "IdentityDAL", "src\DAL\IdentityDAL.csproj", "{7DCBC0C1-DE98-4B94-9897-EECFBFAEA3D4}"
EndProject
Project("{9A19103F-16F7-4668-BE54-9A1E7A4F7556}") = "BLL", "src\BLL\BLL.csproj", "{D7ECC841-EB44-4E64-8EC9-5F34FCB44FB3}"
EndProject
Global
	GlobalSection(SolutionConfigurationPlatforms) = preSolution
		Debug|Any CPU = Debug|Any CPU
		Release|Any CPU = Release|Any CPU
	EndGlobalSection
	GlobalSection(ProjectConfigurationPlatforms) = postSolution
		{D7B936F9-DF7C-4583-ADCD-B55013181426}.Debug|Any CPU.ActiveCfg = Debug|Any CPU
		{D7B936F9-DF7C-4583-ADCD-B55013181426}.Debug|Any CPU.Build.0 = Debug|Any CPU
		{D7B936F9-DF7C-4583-ADCD-B55013181426}.Release|Any CPU.ActiveCfg = Release|Any CPU
		{D7B936F9-DF7C-4583-ADCD-B55013181426}.Release|Any CPU.Build.0 = Release|Any CPU
		{887CC0C4-E52E-4CBB-9EFD-E13395F924FD}.Debug|Any CPU.ActiveCfg = Debug|Any CPU
		{887CC0C4-E52E-4CBB-9EFD-E13395F924FD}.Debug|Any CPU.Build.0 = Debug|Any CPU
		{887CC0C4-E52E-4CBB-9EFD-E13395F924FD}.Release|Any CPU.ActiveCfg = Release|Any CPU
		{887CC0C4-E52E-4CBB-9EFD-E13395F924FD}.Release|Any CPU.Build.0 = Release|Any CPU
		{4CB9F1C4-7FBD-444F-8AE1-2A572862049F}.Debug|Any CPU.ActiveCfg = Debug|Any CPU
		{4CB9F1C4-7FBD-444F-8AE1-2A572862049F}.Debug|Any CPU.Build.0 = Debug|Any CPU
		{4CB9F1C4-7FBD-444F-8AE1-2A572862049F}.Release|Any CPU.ActiveCfg = Release|Any CPU
		{4CB9F1C4-7FBD-444F-8AE1-2A572862049F}.Release|Any CPU.Build.0 = Release|Any CPU
		{7DCBC0C1-DE98-4B94-9897-EECFBFAEA3D4}.Debug|Any CPU.ActiveCfg = Debug|Any CPU
		{7DCBC0C1-DE98-4B94-9897-EECFBFAEA3D4}.Debug|Any CPU.Build.0 = Debug|Any CPU
		{7DCBC0C1-DE98-4B94-9897-EECFBFAEA3D4}.Release|Any CPU.ActiveCfg = Release|Any CPU
		{7DCBC0C1-DE98-4B94-9897-EECFBFAEA3D4}.Release|Any CPU.Build.0 = Release|Any CPU
		{D7ECC841-EB44-4E64-8EC9-5F34FCB44FB3}.Debug|Any CPU.ActiveCfg = Debug|Any CPU
		{D7ECC841-EB44-4E64-8EC9-5F34FCB44FB3}.Debug|Any CPU.Build.0 = Debug|Any CPU
		{D7ECC841-EB44-4E64-8EC9-5F34FCB44FB3}.Release|Any CPU.ActiveCfg = Release|Any CPU
		{D7ECC841-EB44-4E64-8EC9-5F34FCB44FB3}.Release|Any CPU.Build.0 = Release|Any CPU
	EndGlobalSection
	GlobalSection(SolutionProperties) = preSolution
		HideSolutionNode = FALSE
	EndGlobalSection
	GlobalSection(NestedProjects) = preSolution
		{D7B936F9-DF7C-4583-ADCD-B55013181426} = {BC39A8C7-8BA2-4927-A093-A89D030F8ABE}
		{887CC0C4-E52E-4CBB-9EFD-E13395F924FD} = {E418819C-6F2E-4676-9976-0353705CAE22}
		{4CB9F1C4-7FBD-444F-8AE1-2A572862049F} = {BC39A8C7-8BA2-4927-A093-A89D030F8ABE}
		{7DCBC0C1-DE98-4B94-9897-EECFBFAEA3D4} = {BC39A8C7-8BA2-4927-A093-A89D030F8ABE}
		{D7ECC841-EB44-4E64-8EC9-5F34FCB44FB3} = {BC39A8C7-8BA2-4927-A093-A89D030F8ABE}
	EndGlobalSection
	GlobalSection(ExtensibilityGlobals) = postSolution
		SolutionGuid = {D3620169-87AD-4AA8-BE64-5F6FFAA0B7EA}
	EndGlobalSection
EndGlobal
